
Microsoft Visual Studio Solution File, Format Version 12.00
# Visual Studio Version 16
VisualStudioVersion = 16.0.29025.244
MinimumVisualStudioVersion = 10.0.40219.1
Project("{FAE04EC0-301F-11D3-BF4B-00C04F79EFBC}") = "SNPService", "Pac-LiteService\SNPService.csproj", "{F1FE527E-ADA7-486F-8544-3234DBF3BD39}"
EndProject
Global
	GlobalSection(SolutionConfigurationPlatforms) = preSolution
		Debug|Any CPU = Debug|Any CPU
		Release|Any CPU = Release|Any CPU
	EndGlobalSection
	GlobalSection(ProjectConfigurationPlatforms) = postSolution
		{F1FE527E-ADA7-486F-8544-3234DBF3BD39}.Debug|Any CPU.ActiveCfg = Debug|Any CPU
		{F1FE527E-ADA7-486F-8544-3234DBF3BD39}.Debug|Any CPU.Build.0 = Debug|Any CPU
		{F1FE527E-ADA7-486F-8544-3234DBF3BD39}.Release|Any CPU.ActiveCfg = Release|Any CPU
		{F1FE527E-ADA7-486F-8544-3234DBF3BD39}.Release|Any CPU.Build.0 = Release|Any CPU
	EndGlobalSection
	GlobalSection(SolutionProperties) = preSolution
		HideSolutionNode = FALSE
	EndGlobalSection
	GlobalSection(ExtensibilityGlobals) = postSolution
		SolutionGuid = {0D1C2744-8927-4228-A338-1BDF9D0C69D5}
	EndGlobalSection
EndGlobal
